schema: '2.0'
stages:
  retrieve:
    cmd: python src/retrieve.py
    deps:
    - path: src/retrieve.py
      md5: 6d6c05ec07dad28331539bfc30747729
      size: 378
    outs:
    - path: data_raw.csv
      md5: a6aec8da63a5fa2619af025a76746f29
      size: 68868
  preprocess:
    cmd: python src/preprocess.py
    deps:
    - path: data_raw.csv
      md5: a6aec8da63a5fa2619af025a76746f29
      size: 68868
    - path: src/preprocess.py
      md5: ca8bb9cc108ffa3bbf6a7e6385fd9aaf
      size: 924
    outs:
    - path: data_processed.csv
      md5: 03269b6c0a766dc80e090326008765b3
      size: 24333
  train:
    cmd: python src/train.py
    deps:
    - path: src/train.py
      md5: 16841744c112f3f0e11dbd9e49bc7f49
      size: 1599
    outs:
    - path: by_region.png
      md5: d5ab7619094690133039bb40e4d9ccee
      size: 7810
    - path: metrics.json
      md5: f4844c28505568f336c5f91db3f1beb3
      size: 89
